
Microsoft Visual Studio Solution File, Format Version 12.00
# Visual Studio Version 16
VisualStudioVersion = 16.0.34031.81
MinimumVisualStudioVersion = 10.0.40219.1
Project("{FAE04EC0-301F-11D3-BF4B-00C04F79EFBC}") = "BT01", "BT01\BT01.csproj", "{5F918944-C043-478C-B4FA-0F67F38CF13A}"
EndProject
Project("{FAE04EC0-301F-11D3-BF4B-00C04F79EFBC}") = "BT02", "BT02\BT02.csproj", "{BF90F47D-CCA5-4F26-BAFF-38FB1A613077}"
EndProject
Global
	GlobalSection(SolutionConfigurationPlatforms) = preSolution
		Debug|Any CPU = Debug|Any CPU
		Release|Any CPU = Release|Any CPU
	EndGlobalSection
	GlobalSection(ProjectConfigurationPlatforms) = postSolution
		{5F918944-C043-478C-B4FA-0F67F38CF13A}.Debug|Any CPU.ActiveCfg = Debug|Any CPU
		{5F918944-C043-478C-B4FA-0F67F38CF13A}.Debug|Any CPU.Build.0 = Debug|Any CPU
		{5F918944-C043-478C-B4FA-0F67F38CF13A}.Release|Any CPU.ActiveCfg = Release|Any CPU
		{5F918944-C043-478C-B4FA-0F67F38CF13A}.Release|Any CPU.Build.0 = Release|Any CPU
		{BF90F47D-CCA5-4F26-BAFF-38FB1A613077}.Debug|Any CPU.ActiveCfg = Debug|Any CPU
		{BF90F47D-CCA5-4F26-BAFF-38FB1A613077}.Debug|Any CPU.Build.0 = Debug|Any CPU
		{BF90F47D-CCA5-4F26-BAFF-38FB1A613077}.Release|Any CPU.ActiveCfg = Release|Any CPU
		{BF90F47D-CCA5-4F26-BAFF-38FB1A613077}.Release|Any CPU.Build.0 = Release|Any CPU
	EndGlobalSection
	GlobalSection(SolutionProperties) = preSolution
		HideSolutionNode = FALSE
	EndGlobalSection
	GlobalSection(ExtensibilityGlobals) = postSolution
		SolutionGuid = {EFBC67D4-DA73-4024-BA58-DCE61B852524}
	EndGlobalSection
EndGlobal
